github.com/caddyserver/caddy/v2 v2.9.1/go.mod h1:ImUELya2el1FDVp3ahnSO2iH1or1aHxlQEQxd/spP68=
github.com/caddyserver/certmagic v0.25.1/go.mod h1:VhyvndxtVton/Fo/wKhRoC46Rbw1fmjvQ3GjHYSQTEY=
github.com/google/go-tdx-guest v0.3.1/go.mod h1:/rc3d7rnPykOPuY8U9saMyEps0PZDThLk/RygXm04nE=
go.uber.org/zap v1.27.1/go.mod h1:GB2qFLM7cTU87MWRP2mPIjqfIDnGu+VIO4V/SdhGo2E=
